// !$*UTF8*$!
{
	archiveVersion = 1;
	classes = {
	};
	objectVersion = 52;
	objects = {

/* Begin PBXBuildFile section */
		527F8E7626B2C005003D7D83 /* AppDelegate.swift in Sources */ = {isa = PBXBuildFile; fileRef = 527F8E7526B2C005003D7D83 /* AppDelegate.swift */; };
		527F8E7826B2C005003D7D83 /* SceneDelegate.swift in Sources */ = {isa = PBXBuildFile; fileRef = 527F8E7726B2C005003D7D83 /* SceneDelegate.swift */; };
		527F8E7A26B2C005003D7D83 /* ViewController.swift in Sources */ = {isa = PBXBuildFile; fileRef = 527F8E7926B2C005003D7D83 /* ViewController.swift */; };
		527F8E7D26B2C005003D7D83 /* Main.storyboard in Resources */ = {isa = PBXBuildFile; fileRef = 527F8E7B26B2C005003D7D83 /* Main.storyboard */; };
		527F8E8226B2C006003D7D83 /* LaunchScreen.storyboard in Resources */ = {isa = PBXBuildFile; fileRef = 527F8E8026B2C006003D7D83 /* LaunchScreen.storyboard */; };
		5292AA5B26B2CA980020F8C2 /* ContentView.swift in Sources */ = {isa = PBXBuildFile; fileRef = 5292AA5A26B2CA980020F8C2 /* ContentView.swift */; };
		5292AA6B26B6A3D40020F8C2 /* animation.swift in Sources */ = {isa = PBXBuildFile; fileRef = 5292AA6A26B6A3D40020F8C2 /* animation.swift */; };
		5292AA6E26B6A6350020F8C2 /* Lottie in Frameworks */ = {isa = PBXBuildFile; productRef = 5292AA6D26B6A6350020F8C2 /* Lottie */; };
		5292AA7626B6B7A70020F8C2 /* Assets.xcassets.xcassets in Resources */ = {isa = PBXBuildFile; fileRef = 5292AA7526B6B7A70020F8C2 /* Assets.xcassets.xcassets */; };
		5292AA7826B6B9D10020F8C2 /* koala-smiling.json in Resources */ = {isa = PBXBuildFile; fileRef = 5292AA7426B6B71C0020F8C2 /* koala-smiling.json */; };
		52A7561B26B766A0002C219D /* LottieView.swift in Sources */ = {isa = PBXBuildFile; fileRef = 52A7561A26B766A0002C219D /* LottieView.swift */; };
		697AAFCD26B7772C004FEC5E /* 51431-koala-wink.json in Resources */ = {isa = PBXBuildFile; fileRef = 697AAFCC26B7772C004FEC5E /* 51431-koala-wink.json */; };
		69D5247E26B780460066D9E8 /* The Forest Background.png in Resources */ = {isa = PBXBuildFile; fileRef = 69D5247D26B780460066D9E8 /* The Forest Background.png */; };
		69D5248226B793AD0066D9E8 /* eat_animation.json in Resources */ = {isa = PBXBuildFile; fileRef = 69D5248126B793AD0066D9E8 /* eat_animation.json */; };
		E0AAD7BD26B39B5B00C1DB29 /* timeConfig.storyboard in Resources */ = {isa = PBXBuildFile; fileRef = E0AAD7BC26B39B5B00C1DB29 /* timeConfig.storyboard */; };
		E0AAD7C126B39D0400C1DB29 /* timeConfig.swift in Sources */ = {isa = PBXBuildFile; fileRef = E0AAD7C026B39D0400C1DB29 /* timeConfig.swift */; };
/* End PBXBuildFile section */

/* Begin PBXFileReference section */
		527F8E7226B2C005003D7D83 /* zubora-koala.app */ = {isa = PBXFileReference; explicitFileType = wrapper.application; includeInIndex = 0; path = "zubora-koala.app"; sourceTree = BUILT_PRODUCTS_DIR; };
		527F8E7526B2C005003D7D83 /* AppDelegate.swift */ = {isa = PBXFileReference; lastKnownFileType = sourcecode.swift; path = AppDelegate.swift; sourceTree = "<group>"; };
		527F8E7726B2C005003D7D83 /* SceneDelegate.swift */ = {isa = PBXFileReference; lastKnownFileType = sourcecode.swift; path = SceneDelegate.swift; sourceTree = "<group>"; };
		527F8E7926B2C005003D7D83 /* ViewController.swift */ = {isa = PBXFileReference; lastKnownFileType = sourcecode.swift; path = ViewController.swift; sourceTree = "<group>"; };
		527F8E7C26B2C005003D7D83 /* Base */ = {isa = PBXFileReference; lastKnownFileType = file.storyboard; name = Base; path = Base.lproj/Main.storyboard; sourceTree = "<group>"; };
		527F8E8126B2C006003D7D83 /* Base */ = {isa = PBXFileReference; lastKnownFileType = file.storyboard; name = Base; path = Base.lproj/LaunchScreen.storyboard; sourceTree = "<group>"; };
		527F8E8326B2C006003D7D83 /* Info.plist */ = {isa = PBXFileReference; lastKnownFileType = text.plist.xml; path = Info.plist; sourceTree = "<group>"; };
		5292AA5A26B2CA980020F8C2 /* ContentView.swift */ = {isa = PBXFileReference; lastKnownFileType = sourcecode.swift; path = ContentView.swift; sourceTree = "<group>"; };
		5292AA6A26B6A3D40020F8C2 /* animation.swift */ = {isa = PBXFileReference; lastKnownFileType = sourcecode.swift; path = animation.swift; sourceTree = "<group>"; };
		5292AA7426B6B71C0020F8C2 /* koala-smiling.json */ = {isa = PBXFileReference; lastKnownFileType = text.json; path = "koala-smiling.json"; sourceTree = "<group>"; };
		5292AA7526B6B7A70020F8C2 /* Assets.xcassets.xcassets */ = {isa = PBXFileReference; lastKnownFileType = folder.assetcatalog; path = Assets.xcassets.xcassets; sourceTree = "<group>"; };
		52A7561A26B766A0002C219D /* LottieView.swift */ = {isa = PBXFileReference; lastKnownFileType = sourcecode.swift; path = LottieView.swift; sourceTree = "<group>"; };
		697AAFCC26B7772C004FEC5E /* 51431-koala-wink.json */ = {isa = PBXFileReference; fileEncoding = 4; lastKnownFileType = text.json; path = "51431-koala-wink.json"; sourceTree = "<group>"; };
		69D5247D26B780460066D9E8 /* The Forest Background.png */ = {isa = PBXFileReference; lastKnownFileType = image.png; path = "The Forest Background.png"; sourceTree = "<group>"; };
		69D5248126B793AD0066D9E8 /* eat_animation.json */ = {isa = PBXFileReference; fileEncoding = 4; lastKnownFileType = text.json; path = eat_animation.json; sourceTree = "<group>"; };
		E0AAD7BC26B39B5B00C1DB29 /* timeConfig.storyboard */ = {isa = PBXFileReference; lastKnownFileType = file.storyboard; path = timeConfig.storyboard; sourceTree = "<group>"; };
		E0AAD7C026B39D0400C1DB29 /* timeConfig.swift */ = {isa = PBXFileReference; lastKnownFileType = sourcecode.swift; path = timeConfig.swift; sourceTree = "<group>"; };
/* End PBXFileReference section */

/* Begin PBXFrameworksBuildPhase section */
		527F8E6F26B2C005003D7D83 /* Frameworks */ = {
			isa = PBXFrameworksBuildPhase;
			buildActionMask = 2147483647;
			files = (
				5292AA6E26B6A6350020F8C2 /* Lottie in Frameworks */,
			);
			runOnlyForDeploymentPostprocessing = 0;
		};
/* End PBXFrameworksBuildPhase section */

/* Begin PBXGroup section */
		527F8E6926B2C004003D7D83 = {
			isa = PBXGroup;
			children = (
				527F8E7426B2C005003D7D83 /* zubora-koala */,
				527F8E7326B2C005003D7D83 /* Products */,
			);
			sourceTree = "<group>";
		};
		527F8E7326B2C005003D7D83 /* Products */ = {
			isa = PBXGroup;
			children = (
				527F8E7226B2C005003D7D83 /* zubora-koala.app */,
			);
			name = Products;
			sourceTree = "<group>";
		};
		527F8E7426B2C005003D7D83 /* zubora-koala */ = {
			isa = PBXGroup;
			children = (
				527F8E7526B2C005003D7D83 /* AppDelegate.swift */,
				527F8E7726B2C005003D7D83 /* SceneDelegate.swift */,
				527F8E7926B2C005003D7D83 /* ViewController.swift */,
				5292AA6A26B6A3D40020F8C2 /* animation.swift */,
				5292AA7526B6B7A70020F8C2 /* Assets.xcassets.xcassets */,
				E0AAD7C026B39D0400C1DB29 /* timeConfig.swift */,
				5292AA5A26B2CA980020F8C2 /* ContentView.swift */,
				52A7561A26B766A0002C219D /* LottieView.swift */,
				527F8E7B26B2C005003D7D83 /* Main.storyboard */,
				E0AAD7BC26B39B5B00C1DB29 /* timeConfig.storyboard */,
				5292AA6726B6A2900020F8C2 /* Resources */,
				527F8E8026B2C006003D7D83 /* LaunchScreen.storyboard */,
				527F8E8326B2C006003D7D83 /* Info.plist */,
			);
			path = "zubora-koala";
			sourceTree = "<group>";
		};
		5292AA6726B6A2900020F8C2 /* Resources */ = {
			isa = PBXGroup;
			children = (
				69D5247C26B7802D0066D9E8 /* Image */,
				5292AA7326B6B7120020F8C2 /* Json */,
			);
			path = Resources;
			sourceTree = "<group>";
		};
		5292AA7326B6B7120020F8C2 /* Json */ = {
			isa = PBXGroup;
			children = (
				5292AA7726B6B7ED0020F8C2 /* LottieAnimations */,
			);
			path = Json;
			sourceTree = "<group>";
		};
		5292AA7726B6B7ED0020F8C2 /* LottieAnimations */ = {
			isa = PBXGroup;
			children = (
				697AAFCC26B7772C004FEC5E /* 51431-koala-wink.json */,
				69D5248126B793AD0066D9E8 /* eat_animation.json */,
				5292AA7426B6B71C0020F8C2 /* koala-smiling.json */,
			);
			path = LottieAnimations;
			sourceTree = "<group>";
		};
		69D5247C26B7802D0066D9E8 /* Image */ = {
			isa = PBXGroup;
			children = (
				69D5247D26B780460066D9E8 /* The Forest Background.png */,
			);
			path = Image;
			sourceTree = "<group>";
		};
/* End PBXGroup section */

/* Begin PBXNativeTarget section */
		527F8E7126B2C005003D7D83 /* zubora-koala */ = {
			isa = PBXNativeTarget;
			buildConfigurationList = 527F8E8626B2C006003D7D83 /* Build configuration list for PBXNativeTarget "zubora-koala" */;
			buildPhases = (
				527F8E6E26B2C005003D7D83 /* Sources */,
				527F8E6F26B2C005003D7D83 /* Frameworks */,
				527F8E7026B2C005003D7D83 /* Resources */,
			);
			buildRules = (
			);
			dependencies = (
			);
			name = "zubora-koala";
			packageProductDependencies = (
				5292AA6D26B6A6350020F8C2 /* Lottie */,
			);
			productName = "zubora-koala";
			productReference = 527F8E7226B2C005003D7D83 /* zubora-koala.app */;
			productType = "com.apple.product-type.application";
		};
/* End PBXNativeTarget section */

/* Begin PBXProject section */
		527F8E6A26B2C004003D7D83 /* Project object */ = {
			isa = PBXProject;
			attributes = {
				LastSwiftUpdateCheck = 1250;
				LastUpgradeCheck = 1250;
				TargetAttributes = {
					527F8E7126B2C005003D7D83 = {
						CreatedOnToolsVersion = 12.5.1;
					};
				};
			};
			buildConfigurationList = 527F8E6D26B2C004003D7D83 /* Build configuration list for PBXProject "zubora-koala" */;
			compatibilityVersion = "Xcode 9.3";
			developmentRegion = en;
			hasScannedForEncodings = 0;
			knownRegions = (
				en,
				Base,
			);
			mainGroup = 527F8E6926B2C004003D7D83;
			packageReferences = (
				5292AA6C26B6A6350020F8C2 /* XCRemoteSwiftPackageReference "lottie-ios" */,
			);
			productRefGroup = 527F8E7326B2C005003D7D83 /* Products */;
			projectDirPath = "";
			projectRoot = "";
			targets = (
				527F8E7126B2C005003D7D83 /* zubora-koala */,
			);
		};
/* End PBXProject section */

/* Begin PBXResourcesBuildPhase section */
		527F8E7026B2C005003D7D83 /* Resources */ = {
			isa = PBXResourcesBuildPhase;
			buildActionMask = 2147483647;
			files = (
				5292AA7826B6B9D10020F8C2 /* koala-smiling.json in Resources */,
				5292AA7626B6B7A70020F8C2 /* Assets.xcassets.xcassets in Resources */,
				69D5247E26B780460066D9E8 /* The Forest Background.png in Resources */,
				69D5248226B793AD0066D9E8 /* eat_animation.json in Resources */,
				527F8E8226B2C006003D7D83 /* LaunchScreen.storyboard in Resources */,
				E0AAD7BD26B39B5B00C1DB29 /* timeConfig.storyboard in Resources */,
				697AAFCD26B7772C004FEC5E /* 51431-koala-wink.json in Resources */,
				527F8E7D26B2C005003D7D83 /* Main.storyboard in Resources */,
			);
			runOnlyForDeploymentPostprocessing = 0;
		};
/* End PBXResourcesBuildPhase section */

/* Begin PBXSourcesBuildPhase section */
		527F8E6E26B2C005003D7D83 /* Sources */ = {
			isa = PBXSourcesBuildPhase;
			buildActionMask = 2147483647;
			files = (
				527F8E7A26B2C005003D7D83 /* ViewController.swift in Sources */,
				527F8E7626B2C005003D7D83 /* AppDelegate.swift in Sources */,
				E0AAD7C126B39D0400C1DB29 /* timeConfig.swift in Sources */,
				5292AA5B26B2CA980020F8C2 /* ContentView.swift in Sources */,
				52A7561B26B766A0002C219D /* LottieView.swift in Sources */,
				5292AA6B26B6A3D40020F8C2 /* animation.swift in Sources */,
				527F8E7826B2C005003D7D83 /* SceneDelegate.swift in Sources */,
			);
			runOnlyForDeploymentPostprocessing = 0;
		};
/* End PBXSourcesBuildPhase section */

/* Begin PBXVariantGroup section */
		527F8E7B26B2C005003D7D83 /* Main.storyboard */ = {
			isa = PBXVariantGroup;
			children = (
				527F8E7C26B2C005003D7D83 /* Base */,
			);
			name = Main.storyboard;
			sourceTree = "<group>";
		};
		527F8E8026B2C006003D7D83 /* LaunchScreen.storyboard */ = {
			isa = PBXVariantGroup;
			children = (
				527F8E8126B2C006003D7D83 /* Base */,
			);
			name = LaunchScreen.storyboard;
			sourceTree = "<group>";
		};
/* End PBXVariantGroup section */

/* Begin XCBuildConfiguration section */
		527F8E8426B2C006003D7D83 /* Debug */ = {
			isa = XCBuildConfiguration;
			buildSettings = {
				ALWAYS_SEARCH_USER_PATHS = NO;
				CLANG_ANALYZER_NONNULL = YES;
				CLANG_ANALYZER_NUMBER_OBJECT_CONVERSION = YES_AGGRESSIVE;
				CLANG_CXX_LANGUAGE_STANDARD = "gnu++14";
				CLANG_CXX_LIBRARY = "libc++";
				CLANG_ENABLE_MODULES = YES;
				CLANG_ENABLE_OBJC_ARC = YES;
				CLANG_ENABLE_OBJC_WEAK = YES;
				CLANG_WARN_BLOCK_CAPTURE_AUTORELEASING = YES;
				CLANG_WARN_BOOL_CONVERSION = YES;
				CLANG_WARN_COMMA = YES;
				CLANG_WARN_CONSTANT_CONVERSION = YES;
				CLANG_WARN_DEPRECATED_OBJC_IMPLEMENTATIONS = YES;
				CLANG_WARN_DIRECT_OBJC_ISA_USAGE = YES_ERROR;
				CLANG_WARN_DOCUMENTATION_COMMENTS = YES;
				CLANG_WARN_EMPTY_BODY = YES;
				CLANG_WARN_ENUM_CONVERSION = YES;
				CLANG_WARN_INFINITE_RECURSION = YES;
				CLANG_WARN_INT_CONVERSION = YES;
				CLANG_WARN_NON_LITERAL_NULL_CONVERSION = YES;
				CLANG_WARN_OBJC_IMPLICIT_RETAIN_SELF = YES;
				CLANG_WARN_OBJC_LITERAL_CONVERSION = YES;
				CLANG_WARN_OBJC_ROOT_CLASS = YES_ERROR;
				CLANG_WARN_QUOTED_INCLUDE_IN_FRAMEWORK_HEADER = YES;
				CLANG_WARN_RANGE_LOOP_ANALYSIS = YES;
				CLANG_WARN_STRICT_PROTOTYPES = YES;
				CLANG_WARN_SUSPICIOUS_MOVE = YES;
				CLANG_WARN_UNGUARDED_AVAILABILITY = YES_AGGRESSIVE;
				CLANG_WARN_UNREACHABLE_CODE = YES;
				CLANG_WARN__DUPLICATE_METHOD_MATCH = YES;
				COPY_PHASE_STRIP = NO;
				DEAD_CODE_STRIPPING = NO;
				DEBUG_INFORMATION_FORMAT = dwarf;
				ENABLE_STRICT_OBJC_MSGSEND = YES;
				ENABLE_TESTABILITY = YES;
				GCC_C_LANGUAGE_STANDARD = gnu11;
				GCC_DYNAMIC_NO_PIC = NO;
				GCC_NO_COMMON_BLOCKS = YES;
				GCC_OPTIMIZATION_LEVEL = 0;
				GCC_PREPROCESSOR_DEFINITIONS = (
					"DEBUG=1",
					"$(inherited)",
				);
				GCC_WARN_64_TO_32_BIT_CONVERSION = YES;
				GCC_WARN_ABOUT_RETURN_TYPE = YES_ERROR;
				GCC_WARN_UNDECLARED_SELECTOR = YES;
				GCC_WARN_UNINITIALIZED_AUTOS = YES_AGGRESSIVE;
				GCC_WARN_UNUSED_FUNCTION = YES;
				GCC_WARN_UNUSED_VARIABLE = YES;
				IPHONEOS_DEPLOYMENT_TARGET = 14.5;
				MTL_ENABLE_DEBUG_INFO = INCLUDE_SOURCE;
				MTL_FAST_MATH = YES;
				ONLY_ACTIVE_ARCH = YES;
				SDKROOT = iphoneos;
				SWIFT_ACTIVE_COMPILATION_CONDITIONS = DEBUG;
				SWIFT_OPTIMIZATION_LEVEL = "-Onone";
			};
			name = Debug;
		};
		527F8E8526B2C006003D7D83 /* Release */ = {
			isa = XCBuildConfiguration;
			buildSettings = {
				ALWAYS_SEARCH_USER_PATHS = NO;
				CLANG_ANALYZER_NONNULL = YES;
				CLANG_ANALYZER_NUMBER_OBJECT_CONVERSION = YES_AGGRESSIVE;
				CLANG_CXX_LANGUAGE_STANDARD = "gnu++14";
				CLANG_CXX_LIBRARY = "libc++";
				CLANG_ENABLE_MODULES = YES;
				CLANG_ENABLE_OBJC_ARC = YES;
				CLANG_ENABLE_OBJC_WEAK = YES;
				CLANG_WARN_BLOCK_CAPTURE_AUTORELEASING = YES;
				CLANG_WARN_BOOL_CONVERSION = YES;
				CLANG_WARN_COMMA = YES;
				CLANG_WARN_CONSTANT_CONVERSION = YES;
				CLANG_WARN_DEPRECATED_OBJC_IMPLEMENTATIONS = YES;
				CLANG_WARN_DIRECT_OBJC_ISA_USAGE = YES_ERROR;
				CLANG_WARN_DOCUMENTATION_COMMENTS = YES;
				CLANG_WARN_EMPTY_BODY = YES;
				CLANG_WARN_ENUM_CONVERSION = YES;
				CLANG_WARN_INFINITE_RECURSION = YES;
				CLANG_WARN_INT_CONVERSION = YES;
				CLANG_WARN_NON_LITERAL_NULL_CONVERSION = YES;
				CLANG_WARN_OBJC_IMPLICIT_RETAIN_SELF = YES;
				CLANG_WARN_OBJC_LITERAL_CONVERSION = YES;
				CLANG_WARN_OBJC_ROOT_CLASS = YES_ERROR;
				CLANG_WARN_QUOTED_INCLUDE_IN_FRAMEWORK_HEADER = YES;
				CLANG_WARN_RANGE_LOOP_ANALYSIS = YES;
				CLANG_WARN_STRICT_PROTOTYPES = YES;
				CLANG_WARN_SUSPICIOUS_MOVE = YES;
				CLANG_WARN_UNGUARDED_AVAILABILITY = YES_AGGRESSIVE;
				CLANG_WARN_UNREACHABLE_CODE = YES;
				CLANG_WARN__DUPLICATE_METHOD_MATCH = YES;
				COPY_PHASE_STRIP = NO;
				DEAD_CODE_STRIPPING = NO;
				DEBUG_INFORMATION_FORMAT = "dwarf-with-dsym";
				ENABLE_NS_ASSERTIONS = NO;
				ENABLE_STRICT_OBJC_MSGSEND = YES;
				GCC_C_LANGUAGE_STANDARD = gnu11;
				GCC_NO_COMMON_BLOCKS = YES;
				GCC_WARN_64_TO_32_BIT_CONVERSION = YES;
				GCC_WARN_ABOUT_RETURN_TYPE = YES_ERROR;
				GCC_WARN_UNDECLARED_SELECTOR = YES;
				GCC_WARN_UNINITIALIZED_AUTOS = YES_AGGRESSIVE;
				GCC_WARN_UNUSED_FUNCTION = YES;
				GCC_WARN_UNUSED_VARIABLE = YES;
				IPHONEOS_DEPLOYMENT_TARGET = 14.5;
				MTL_ENABLE_DEBUG_INFO = NO;
				MTL_FAST_MATH = YES;
				SDKROOT = iphoneos;
				SWIFT_COMPILATION_MODE = wholemodule;
				SWIFT_OPTIMIZATION_LEVEL = "-O";
				VALIDATE_PRODUCT = YES;
			};
			name = Release;
		};
		527F8E8726B2C006003D7D83 /* Debug */ = {
			isa = XCBuildConfiguration;
			buildSettings = {
				ASSETCATALOG_COMPILER_APPICON_NAME = AppIcon;
				ASSETCATALOG_COMPILER_GLOBAL_ACCENT_COLOR_NAME = AccentColor;
				CODE_SIGN_STYLE = Automatic;
				INFOPLIST_FILE = "zubora-koala/Info.plist";
				LD_RUNPATH_SEARCH_PATHS = (
					"$(inherited)",
					"@executable_path/Frameworks",
				);
				PRODUCT_BUNDLE_IDENTIFIER = "------.zubora-koala";
				PRODUCT_NAME = "$(TARGET_NAME)";
				SWIFT_VERSION = 5.0;
				TARGETED_DEVICE_FAMILY = "1,2";
			};
			name = Debug;
		};
		527F8E8826B2C006003D7D83 /* Release */ = {
			isa = XCBuildConfiguration;
			buildSettings = {
				ASSETCATALOG_COMPILER_APPICON_NAME = AppIcon;
				ASSETCATALOG_COMPILER_GLOBAL_ACCENT_COLOR_NAME = AccentColor;
				CODE_SIGN_STYLE = Automatic;
				INFOPLIST_FILE = "zubora-koala/Info.plist";
				LD_RUNPATH_SEARCH_PATHS = (
					"$(inherited)",
					"@executable_path/Frameworks",
				);
				PRODUCT_BUNDLE_IDENTIFIER = "------.zubora-koala";
				PRODUCT_NAME = "$(TARGET_NAME)";
				SWIFT_VERSION = 5.0;
				TARGETED_DEVICE_FAMILY = "1,2";
			};
			name = Release;
		};
/* End XCBuildConfiguration section */

/* Begin XCConfigurationList section */
		527F8E6D26B2C004003D7D83 /* Build configuration list for PBXProject "zubora-koala" */ = {
			isa = XCConfigurationList;
			buildConfigurations = (
				527F8E8426B2C006003D7D83 /* Debug */,
				527F8E8526B2C006003D7D83 /* Release */,
			);
			defaultConfigurationIsVisible = 0;
			defaultConfigurationName = Release;
		};
		527F8E8626B2C006003D7D83 /* Build configuration list for PBXNativeTarget "zubora-koala" */ = {
			isa = XCConfigurationList;
			buildConfigurations = (
				527F8E8726B2C006003D7D83 /* Debug */,
				527F8E8826B2C006003D7D83 /* Release */,
			);
			defaultConfigurationIsVisible = 0;
			defaultConfigurationName = Release;
		};
/* End XCConfigurationList section */

/* Begin XCRemoteSwiftPackageReference section */
		5292AA6C26B6A6350020F8C2 /* XCRemoteSwiftPackageReference "lottie-ios" */ = {
			isa = XCRemoteSwiftPackageReference;
			repositoryURL = "https://github.com/airbnb/lottie-ios";
			requirement = {
				kind = upToNextMajorVersion;
				minimumVersion = 3.1.5;
			};
		};
/* End XCRemoteSwiftPackageReference section */

/* Begin XCSwiftPackageProductDependency section */
		5292AA6D26B6A6350020F8C2 /* Lottie */ = {
			isa = XCSwiftPackageProductDependency;
			package = 5292AA6C26B6A6350020F8C2 /* XCRemoteSwiftPackageReference "lottie-ios" */;
			productName = Lottie;
		};
/* End XCSwiftPackageProductDependency section */
	};
	rootObject = 527F8E6A26B2C004003D7D83 /* Project object */;
}
